{
  "name": "mps-project",
  "version": "1.0.0",
  "lockfileVersion": 2,
  "requires": true,
  "packages": {
    "": {
      "name": "mps-project",
      "version": "1.0.0",
      "license": "ISC",
      "dependencies": {
        "@tanstack/react-query": "^5.84.2",
        "@tanstack/react-query-devtools": "^5.84.2"
      }
    },
    "node_modules/@tanstack/query-core": {
      "version": "5.83.1",
      "resolved": "https://registry.npmjs.org/@tanstack/query-core/-/query-core-5.83.1.tgz",
      "integrity": "sha512-OG69LQgT7jSp+5pPuCfzltq/+7l2xoweggjme9vlbCPa/d7D7zaqv5vN/S82SzSYZ4EDLTxNO1PWrv49RAS64Q==",
      "funding": {
        "type": "github",
        "url": "https://github.com/sponsors/tannerlinsley"
      }
    },
    "node_modules/@tanstack/query-devtools": {
      "version": "5.84.0",
      "resolved": "https://registry.npmjs.org/@tanstack/query-devtools/-/query-devtools-5.84.0.tgz",
      "integrity": "sha512-fbF3n+z1rqhvd9EoGp5knHkv3p5B2Zml1yNRjh7sNXklngYI5RVIWUrUjZ1RIcEoscarUb0+bOvIs5x9dwzOXQ==",
      "funding": {
        "type": "github",
        "url": "https://github.com/sponsors/tannerlinsley"
      }
    },
    "node_modules/@tanstack/react-query": {
      "version": "5.84.2",
      "resolved": "https://registry.npmjs.org/@tanstack/react-query/-/react-query-5.84.2.tgz",
      "integrity": "sha512-cZadySzROlD2+o8zIfbD978p0IphuQzRWiiH3I2ugnTmz4jbjc0+TdibpwqxlzynEen8OulgAg+rzdNF37s7XQ==",
      "dependencies": {
        "@tanstack/query-core": "5.83.1"
      },
      "funding": {
        "type": "github",
        "url": "https://github.com/sponsors/tannerlinsley"
      },
      "peerDependencies": {
        "react": "^18 || ^19"
      }
    },
    "node_modules/@tanstack/react-query-devtools": {
      "version": "5.84.2",
      "resolved": "https://registry.npmjs.org/@tanstack/react-query-devtools/-/react-query-devtools-5.84.2.tgz",
      "integrity": "sha512-ojJ66QoW9noqK35Lsmfqpfucj6wuOxLL2TYwEwpvU+iUQ5R/7TKpapWvpy9kZyNSl0mxv5mpS+ImfR8aL8/x3g==",
      "dependencies": {
        "@tanstack/query-devtools": "5.84.0"
      },
      "funding": {
        "type": "github",
        "url": "https://github.com/sponsors/tannerlinsley"
      },
      "peerDependencies": {
        "@tanstack/react-query": "^5.84.2",
        "react": "^18 || ^19"
      }
    },
    "node_modules/react": {
      "version": "19.1.1",
      "resolved": "https://registry.npmjs.org/react/-/react-19.1.1.tgz",
      "integrity": "sha512-w8nqGImo45dmMIfljjMwOGtbmC/mk4CMYhWIicdSflH91J9TyCyczcPFXJzrZ/ZXcgGRFeP6BU0BEJTw6tZdfQ==",
      "peer": true,
      "engines": {
        "node": ">=0.10.0"
      }
    }
  },
  "dependencies": {
    "@tanstack/query-core": {
      "version": "5.83.1",
      "resolved": "https://registry.npmjs.org/@tanstack/query-core/-/query-core-5.83.1.tgz",
      "integrity": "sha512-OG69LQgT7jSp+5pPuCfzltq/+7l2xoweggjme9vlbCPa/d7D7zaqv5vN/S82SzSYZ4EDLTxNO1PWrv49RAS64Q=="
    },
    "@tanstack/query-devtools": {
      "version": "5.84.0",
      "resolved": "https://registry.npmjs.org/@tanstack/query-devtools/-/query-devtools-5.84.0.tgz",
      "integrity": "sha512-fbF3n+z1rqhvd9EoGp5knHkv3p5B2Zml1yNRjh7sNXklngYI5RVIWUrUjZ1RIcEoscarUb0+bOvIs5x9dwzOXQ=="
    },
    "@tanstack/react-query": {
      "version": "5.84.2",
      "resolved": "https://registry.npmjs.org/@tanstack/react-query/-/react-query-5.84.2.tgz",
      "integrity": "sha512-cZadySzROlD2+o8zIfbD978p0IphuQzRWiiH3I2ugnTmz4jbjc0+TdibpwqxlzynEen8OulgAg+rzdNF37s7XQ==",
      "requires": {
        "@tanstack/query-core": "5.83.1"
      }
    },
    "@tanstack/react-query-devtools": {
      "version": "5.84.2",
      "resolved": "https://registry.npmjs.org/@tanstack/react-query-devtools/-/react-query-devtools-5.84.2.tgz",
      "integrity": "sha512-ojJ66QoW9noqK35Lsmfqpfucj6wuOxLL2TYwEwpvU+iUQ5R/7TKpapWvpy9kZyNSl0mxv5mpS+ImfR8aL8/x3g==",
      "requires": {
        "@tanstack/query-devtools": "5.84.0"
      }
    },
    "react": {
      "version": "19.1.1",
      "resolved": "https://registry.npmjs.org/react/-/react-19.1.1.tgz",
      "integrity": "sha512-w8nqGImo45dmMIfljjMwOGtbmC/mk4CMYhWIicdSflH91J9TyCyczcPFXJzrZ/ZXcgGRFeP6BU0BEJTw6tZdfQ==",
      "peer": true
    }
  }
}
